// !$*UTF8*$!
{
	archiveVersion = 1;
	classes = {
	};
	objectVersion = 55;
	objects = {

/* Begin PBXBuildFile section */
		38017B4627EF61B800F5BC5A /* frontendApp.swift in Sources */ = {isa = PBXBuildFile; fileRef = 38017B4527EF61B800F5BC5A /* frontendApp.swift */; };
		38017B4827EF61B800F5BC5A /* ContentView.swift in Sources */ = {isa = PBXBuildFile; fileRef = 38017B4727EF61B800F5BC5A /* ContentView.swift */; };
		38017B4A27EF61B900F5BC5A /* Assets.xcassets in Resources */ = {isa = PBXBuildFile; fileRef = 38017B4927EF61B900F5BC5A /* Assets.xcassets */; };
		38017B4D27EF61B900F5BC5A /* Preview Assets.xcassets in Resources */ = {isa = PBXBuildFile; fileRef = 38017B4C27EF61B900F5BC5A /* Preview Assets.xcassets */; };
		38017B5727EF61BA00F5BC5A /* frontendTests.swift in Sources */ = {isa = PBXBuildFile; fileRef = 38017B5627EF61BA00F5BC5A /* frontendTests.swift */; };
		38017B6127EF61BA00F5BC5A /* frontendUITests.swift in Sources */ = {isa = PBXBuildFile; fileRef = 38017B6027EF61BA00F5BC5A /* frontendUITests.swift */; };
		38017B6327EF61BA00F5BC5A /* frontendUITestsLaunchTests.swift in Sources */ = {isa = PBXBuildFile; fileRef = 38017B6227EF61BA00F5BC5A /* frontendUITestsLaunchTests.swift */; };
/* End PBXBuildFile section */

/* Begin PBXContainerItemProxy section */
		38017B5327EF61BA00F5BC5A /* PBXContainerItemProxy */ = {
			isa = PBXContainerItemProxy;
			containerPortal = 38017B3A27EF61B800F5BC5A /* Project object */;
			proxyType = 1;
			remoteGlobalIDString = 38017B4127EF61B800F5BC5A;
			remoteInfo = frontend;
		};
		38017B5D27EF61BA00F5BC5A /* PBXContainerItemProxy */ = {
			isa = PBXContainerItemProxy;
			containerPortal = 38017B3A27EF61B800F5BC5A /* Project object */;
			proxyType = 1;
			remoteGlobalIDString = 38017B4127EF61B800F5BC5A;
			remoteInfo = frontend;
		};
/* End PBXContainerItemProxy section */

/* Begin PBXFileReference section */
		38017B4227EF61B800F5BC5A /* frontend.app */ = {isa = PBXFileReference; explicitFileType = wrapper.application; includeInIndex = 0; path = frontend.app; sourceTree = BUILT_PRODUCTS_DIR; };
		38017B4527EF61B800F5BC5A /* frontendApp.swift */ = {isa = PBXFileReference; lastKnownFileType = sourcecode.swift; path = frontendApp.swift; sourceTree = "<group>"; };
		38017B4727EF61B800F5BC5A /* ContentView.swift */ = {isa = PBXFileReference; lastKnownFileType = sourcecode.swift; path = ContentView.swift; sourceTree = "<group>"; };
		38017B4927EF61B900F5BC5A /* Assets.xcassets */ = {isa = PBXFileReference; lastKnownFileType = folder.assetcatalog; path = Assets.xcassets; sourceTree = "<group>"; };
		38017B4C27EF61B900F5BC5A /* Preview Assets.xcassets */ = {isa = PBXFileReference; lastKnownFileType = folder.assetcatalog; path = "Preview Assets.xcassets"; sourceTree = "<group>"; };
		38017B5227EF61BA00F5BC5A /* frontendTests.xctest */ = {isa = PBXFileReference; explicitFileType = wrapper.cfbundle; includeInIndex = 0; path = frontendTests.xctest; sourceTree = BUILT_PRODUCTS_DIR; };
		38017B5627EF61BA00F5BC5A /* frontendTests.swift */ = {isa = PBXFileReference; lastKnownFileType = sourcecode.swift; path = frontendTests.swift; sourceTree = "<group>"; };
		38017B5C27EF61BA00F5BC5A /* frontendUITests.xctest */ = {isa = PBXFileReference; explicitFileType = wrapper.cfbundle; includeInIndex = 0; path = frontendUITests.xctest; sourceTree = BUILT_PRODUCTS_DIR; };
		38017B6027EF61BA00F5BC5A /* frontendUITests.swift */ = {isa = PBXFileReference; lastKnownFileType = sourcecode.swift; path = frontendUITests.swift; sourceTree = "<group>"; };
		38017B6227EF61BA00F5BC5A /* frontendUITestsLaunchTests.swift */ = {isa = PBXFileReference; lastKnownFileType = sourcecode.swift; path = frontendUITestsLaunchTests.swift; sourceTree = "<group>"; };
/* End PBXFileReference section */

/* Begin PBXFrameworksBuildPhase section */
		38017B3F27EF61B800F5BC5A /* Frameworks */ = {
			isa = PBXFrameworksBuildPhase;
			buildActionMask = 2147483647;
			files = (
			);
			runOnlyForDeploymentPostprocessing = 0;
		};
		38017B4F27EF61BA00F5BC5A /* Frameworks */ = {
			isa = PBXFrameworksBuildPhase;
			buildActionMask = 2147483647;
			files = (
			);
			runOnlyForDeploymentPostprocessing = 0;
		};
		38017B5927EF61BA00F5BC5A /* Frameworks */ = {
			isa = PBXFrameworksBuildPhase;
			buildActionMask = 2147483647;
			files = (
			);
			runOnlyForDeploymentPostprocessing = 0;
		};
/* End PBXFrameworksBuildPhase section */

/* Begin PBXGroup section */
		38017B3927EF61B800F5BC5A = {
			isa = PBXGroup;
			children = (
				38017B4427EF61B800F5BC5A /* frontend */,
				38017B5527EF61BA00F5BC5A /* frontendTests */,
				38017B5F27EF61BA00F5BC5A /* frontendUITests */,
				38017B4327EF61B800F5BC5A /* Products */,
			);
			sourceTree = "<group>";
		};
		38017B4327EF61B800F5BC5A /* Products */ = {
			isa = PBXGroup;
			children = (
				38017B4227EF61B800F5BC5A /* frontend.app */,
				38017B5227EF61BA00F5BC5A /* frontendTests.xctest */,
				38017B5C27EF61BA00F5BC5A /* frontendUITests.xctest */,
			);
			name = Products;
			sourceTree = "<group>";
		};
		38017B4427EF61B800F5BC5A /* frontend */ = {
			isa = PBXGroup;
			children = (
				38017B6F27EF684A00F5BC5A /* Screens */,
				38017B4527EF61B800F5BC5A /* frontendApp.swift */,
				38017B4927EF61B900F5BC5A /* Assets.xcassets */,
				38017B4B27EF61B900F5BC5A /* Preview Content */,
			);
			path = frontend;
			sourceTree = "<group>";
		};
		38017B4B27EF61B900F5BC5A /* Preview Content */ = {
			isa = PBXGroup;
			children = (
				38017B4C27EF61B900F5BC5A /* Preview Assets.xcassets */,
			);
			path = "Preview Content";
			sourceTree = "<group>";
		};
		38017B5527EF61BA00F5BC5A /* frontendTests */ = {
			isa = PBXGroup;
			children = (
				38017B5627EF61BA00F5BC5A /* frontendTests.swift */,
			);
			path = frontendTests;
			sourceTree = "<group>";
		};
		38017B5F27EF61BA00F5BC5A /* frontendUITests */ = {
			isa = PBXGroup;
			children = (
				38017B6027EF61BA00F5BC5A /* frontendUITests.swift */,
				38017B6227EF61BA00F5BC5A /* frontendUITestsLaunchTests.swift */,
			);
			path = frontendUITests;
			sourceTree = "<group>";
		};
		38017B6F27EF684A00F5BC5A /* Screens */ = {
			isa = PBXGroup;
			children = (
				38017B4727EF61B800F5BC5A /* ContentView.swift */,
			);
			path = Screens;
			sourceTree = "<group>";
		};
/* End PBXGroup section */

/* Begin PBXNativeTarget section */
		38017B4127EF61B800F5BC5A /* frontend */ = {
			isa = PBXNativeTarget;
			buildConfigurationList = 38017B6627EF61BA00F5BC5A /* Build configuration list for PBXNativeTarget "frontend" */;
			buildPhases = (
				38017B3E27EF61B800F5BC5A /* Sources */,
				38017B3F27EF61B800F5BC5A /* Frameworks */,
				38017B4027EF61B800F5BC5A /* Resources */,
			);
			buildRules = (
			);
			dependencies = (
			);
			name = frontend;
			productName = frontend;
			productReference = 38017B4227EF61B800F5BC5A /* frontend.app */;
			productType = "com.apple.product-type.application";
		};
		38017B5127EF61BA00F5BC5A /* frontendTests */ = {
			isa = PBXNativeTarget;
			buildConfigurationList = 38017B6927EF61BA00F5BC5A /* Build configuration list for PBXNativeTarget "frontendTests" */;
			buildPhases = (
				38017B4E27EF61BA00F5BC5A /* Sources */,
				38017B4F27EF61BA00F5BC5A /* Frameworks */,
				38017B5027EF61BA00F5BC5A /* Resources */,
			);
			buildRules = (
			);
			dependencies = (
				38017B5427EF61BA00F5BC5A /* PBXTargetDependency */,
			);
			name = frontendTests;
			productName = frontendTests;
			productReference = 38017B5227EF61BA00F5BC5A /* frontendTests.xctest */;
			productType = "com.apple.product-type.bundle.unit-test";
		};
		38017B5B27EF61BA00F5BC5A /* frontendUITests */ = {
			isa = PBXNativeTarget;
			buildConfigurationList = 38017B6C27EF61BA00F5BC5A /* Build configuration list for PBXNativeTarget "frontendUITests" */;
			buildPhases = (
				38017B5827EF61BA00F5BC5A /* Sources */,
				38017B5927EF61BA00F5BC5A /* Frameworks */,
				38017B5A27EF61BA00F5BC5A /* Resources */,
			);
			buildRules = (
			);
			dependencies = (
				38017B5E27EF61BA00F5BC5A /* PBXTargetDependency */,
			);
			name = frontendUITests;
			productName = frontendUITests;
			productReference = 38017B5C27EF61BA00F5BC5A /* frontendUITests.xctest */;
			productType = "com.apple.product-type.bundle.ui-testing";
		};
/* End PBXNativeTarget section */

/* Begin PBXProject section */
		38017B3A27EF61B800F5BC5A /* Project object */ = {
			isa = PBXProject;
			attributes = {
				BuildIndependentTargetsInParallel = 1;
				LastSwiftUpdateCheck = 1320;
				LastUpgradeCheck = 1320;
				TargetAttributes = {
					38017B4127EF61B800F5BC5A = {
						CreatedOnToolsVersion = 13.2.1;
					};
					38017B5127EF61BA00F5BC5A = {
						CreatedOnToolsVersion = 13.2.1;
						TestTargetID = 38017B4127EF61B800F5BC5A;
					};
					38017B5B27EF61BA00F5BC5A = {
						CreatedOnToolsVersion = 13.2.1;
						TestTargetID = 38017B4127EF61B800F5BC5A;
					};
				};
			};
			buildConfigurationList = 38017B3D27EF61B800F5BC5A /* Build configuration list for PBXProject "frontend" */;
			compatibilityVersion = "Xcode 13.0";
			developmentRegion = en;
			hasScannedForEncodings = 0;
			knownRegions = (
				en,
				Base,
			);
			mainGroup = 38017B3927EF61B800F5BC5A;
			productRefGroup = 38017B4327EF61B800F5BC5A /* Products */;
			projectDirPath = "";
			projectRoot = "";
			targets = (
				38017B4127EF61B800F5BC5A /* frontend */,
				38017B5127EF61BA00F5BC5A /* frontendTests */,
				38017B5B27EF61BA00F5BC5A /* frontendUITests */,
			);
		};
/* End PBXProject section */

/* Begin PBXResourcesBuildPhase section */
		38017B4027EF61B800F5BC5A /* Resources */ = {
			isa = PBXResourcesBuildPhase;
			buildActionMask = 2147483647;
			files = (
				38017B4D27EF61B900F5BC5A /* Preview Assets.xcassets in Resources */,
				38017B4A27EF61B900F5BC5A /* Assets.xcassets in Resources */,
			);
			runOnlyForDeploymentPostprocessing = 0;
		};
		38017B5027EF61BA00F5BC5A /* Resources */ = {
			isa = PBXResourcesBuildPhase;
			buildActionMask = 2147483647;
			files = (
			);
			runOnlyForDeploymentPostprocessing = 0;
		};
		38017B5A27EF61BA00F5BC5A /* Resources */ = {
			isa = PBXResourcesBuildPhase;
			buildActionMask = 2147483647;
			files = (
			);
			runOnlyForDeploymentPostprocessing = 0;
		};
/* End PBXResourcesBuildPhase section */

/* Begin PBXSourcesBuildPhase section */
		38017B3E27EF61B800F5BC5A /* Sources */ = {
			isa = PBXSourcesBuildPhase;
			buildActionMask = 2147483647;
			files = (
				38017B4827EF61B800F5BC5A /* ContentView.swift in Sources */,
				38017B4627EF61B800F5BC5A /* frontendApp.swift in Sources */,
			);
			runOnlyForDeploymentPostprocessing = 0;
		};
		38017B4E27EF61BA00F5BC5A /* Sources */ = {
			isa = PBXSourcesBuildPhase;
			buildActionMask = 2147483647;
			files = (
				38017B5727EF61BA00F5BC5A /* frontendTests.swift in Sources */,
			);
			runOnlyForDeploymentPostprocessing = 0;
		};
		38017B5827EF61BA00F5BC5A /* Sources */ = {
			isa = PBXSourcesBuildPhase;
			buildActionMask = 2147483647;
			files = (
				38017B6327EF61BA00F5BC5A /* frontendUITestsLaunchTests.swift in Sources */,
				38017B6127EF61BA00F5BC5A /* frontendUITests.swift in Sources */,
			);
			runOnlyForDeploymentPostprocessing = 0;
		};
/* End PBXSourcesBuildPhase section */

/* Begin PBXTargetDependency section */
		38017B5427EF61BA00F5BC5A /* PBXTargetDependency */ = {
			isa = PBXTargetDependency;
			target = 38017B4127EF61B800F5BC5A /* frontend */;
			targetProxy = 38017B5327EF61BA00F5BC5A /* PBXContainerItemProxy */;
		};
		38017B5E27EF61BA00F5BC5A /* PBXTargetDependency */ = {
			isa = PBXTargetDependency;
			target = 38017B4127EF61B800F5BC5A /* frontend */;
			targetProxy = 38017B5D27EF61BA00F5BC5A /* PBXContainerItemProxy */;
		};
/* End PBXTargetDependency section */

/* Begin XCBuildConfiguration section */
		38017B6427EF61BA00F5BC5A /* Debug */ = {
			isa = XCBuildConfiguration;
			buildSettings = {
				ALWAYS_SEARCH_USER_PATHS = NO;
				CLANG_ANALYZER_NONNULL = YES;
				CLANG_ANALYZER_NUMBER_OBJECT_CONVERSION = YES_AGGRESSIVE;
				CLANG_CXX_LANGUAGE_STANDARD = "gnu++17";
				CLANG_CXX_LIBRARY = "libc++";
				CLANG_ENABLE_MODULES = YES;
				CLANG_ENABLE_OBJC_ARC = YES;
				CLANG_ENABLE_OBJC_WEAK = YES;
				CLANG_WARN_BLOCK_CAPTURE_AUTORELEASING = YES;
				CLANG_WARN_BOOL_CONVERSION = YES;
				CLANG_WARN_COMMA = YES;
				CLANG_WARN_CONSTANT_CONVERSION = YES;
				CLANG_WARN_DEPRECATED_OBJC_IMPLEMENTATIONS = YES;
				CLANG_WARN_DIRECT_OBJC_ISA_USAGE = YES_ERROR;
				CLANG_WARN_DOCUMENTATION_COMMENTS = YES;
				CLANG_WARN_EMPTY_BODY = YES;
				CLANG_WARN_ENUM_CONVERSION = YES;
				CLANG_WARN_INFINITE_RECURSION = YES;
				CLANG_WARN_INT_CONVERSION = YES;
				CLANG_WARN_NON_LITERAL_NULL_CONVERSION = YES;
				CLANG_WARN_OBJC_IMPLICIT_RETAIN_SELF = YES;
				CLANG_WARN_OBJC_LITERAL_CONVERSION = YES;
				CLANG_WARN_OBJC_ROOT_CLASS = YES_ERROR;
				CLANG_WARN_QUOTED_INCLUDE_IN_FRAMEWORK_HEADER = YES;
				CLANG_WARN_RANGE_LOOP_ANALYSIS = YES;
				CLANG_WARN_STRICT_PROTOTYPES = YES;
				CLANG_WARN_SUSPICIOUS_MOVE = YES;
				CLANG_WARN_UNGUARDED_AVAILABILITY = YES_AGGRESSIVE;
				CLANG_WARN_UNREACHABLE_CODE = YES;
				CLANG_WARN__DUPLICATE_METHOD_MATCH = YES;
				COPY_PHASE_STRIP = NO;
				DEBUG_INFORMATION_FORMAT = dwarf;
				ENABLE_STRICT_OBJC_MSGSEND = YES;
				ENABLE_TESTABILITY = YES;
				GCC_C_LANGUAGE_STANDARD = gnu11;
				GCC_DYNAMIC_NO_PIC = NO;
				GCC_NO_COMMON_BLOCKS = YES;
				GCC_OPTIMIZATION_LEVEL = 0;
				GCC_PREPROCESSOR_DEFINITIONS = (
					"DEBUG=1",
					"$(inherited)",
				);
				GCC_WARN_64_TO_32_BIT_CONVERSION = YES;
				GCC_WARN_ABOUT_RETURN_TYPE = YES_ERROR;
				GCC_WARN_UNDECLARED_SELECTOR = YES;
				GCC_WARN_UNINITIALIZED_AUTOS = YES_AGGRESSIVE;
				GCC_WARN_UNUSED_FUNCTION = YES;
				GCC_WARN_UNUSED_VARIABLE = YES;
				IPHONEOS_DEPLOYMENT_TARGET = 15.2;
				MTL_ENABLE_DEBUG_INFO = INCLUDE_SOURCE;
				MTL_FAST_MATH = YES;
				ONLY_ACTIVE_ARCH = YES;
				SDKROOT = iphoneos;
				SWIFT_ACTIVE_COMPILATION_CONDITIONS = DEBUG;
				SWIFT_OPTIMIZATION_LEVEL = "-Onone";
			};
			name = Debug;
		};
		38017B6527EF61BA00F5BC5A /* Release */ = {
			isa = XCBuildConfiguration;
			buildSettings = {
				ALWAYS_SEARCH_USER_PATHS = NO;
				CLANG_ANALYZER_NONNULL = YES;
				CLANG_ANALYZER_NUMBER_OBJECT_CONVERSION = YES_AGGRESSIVE;
				CLANG_CXX_LANGUAGE_STANDARD = "gnu++17";
				CLANG_CXX_LIBRARY = "libc++";
				CLANG_ENABLE_MODULES = YES;
				CLANG_ENABLE_OBJC_ARC = YES;
				CLANG_ENABLE_OBJC_WEAK = YES;
				CLANG_WARN_BLOCK_CAPTURE_AUTORELEASING = YES;
				CLANG_WARN_BOOL_CONVERSION = YES;
				CLANG_WARN_COMMA = YES;
				CLANG_WARN_CONSTANT_CONVERSION = YES;
				CLANG_WARN_DEPRECATED_OBJC_IMPLEMENTATIONS = YES;
				CLANG_WARN_DIRECT_OBJC_ISA_USAGE = YES_ERROR;
				CLANG_WARN_DOCUMENTATION_COMMENTS = YES;
				CLANG_WARN_EMPTY_BODY = YES;
				CLANG_WARN_ENUM_CONVERSION = YES;
				CLANG_WARN_INFINITE_RECURSION = YES;
				CLANG_WARN_INT_CONVERSION = YES;
				CLANG_WARN_NON_LITERAL_NULL_CONVERSION = YES;
				CLANG_WARN_OBJC_IMPLICIT_RETAIN_SELF = YES;
				CLANG_WARN_OBJC_LITERAL_CONVERSION = YES;
				CLANG_WARN_OBJC_ROOT_CLASS = YES_ERROR;
				CLANG_WARN_QUOTED_INCLUDE_IN_FRAMEWORK_HEADER = YES;
				CLANG_WARN_RANGE_LOOP_ANALYSIS = YES;
				CLANG_WARN_STRICT_PROTOTYPES = YES;
				CLANG_WARN_SUSPICIOUS_MOVE = YES;
				CLANG_WARN_UNGUARDED_AVAILABILITY = YES_AGGRESSIVE;
				CLANG_WARN_UNREACHABLE_CODE = YES;
				CLANG_WARN__DUPLICATE_METHOD_MATCH = YES;
				COPY_PHASE_STRIP = NO;
				DEBUG_INFORMATION_FORMAT = "dwarf-with-dsym";
				ENABLE_NS_ASSERTIONS = NO;
				ENABLE_STRICT_OBJC_MSGSEND = YES;
				GCC_C_LANGUAGE_STANDARD = gnu11;
				GCC_NO_COMMON_BLOCKS = YES;
				GCC_WARN_64_TO_32_BIT_CONVERSION = YES;
				GCC_WARN_ABOUT_RETURN_TYPE = YES_ERROR;
				GCC_WARN_UNDECLARED_SELECTOR = YES;
				GCC_WARN_UNINITIALIZED_AUTOS = YES_AGGRESSIVE;
				GCC_WARN_UNUSED_FUNCTION = YES;
				GCC_WARN_UNUSED_VARIABLE = YES;
				IPHONEOS_DEPLOYMENT_TARGET = 15.2;
				MTL_ENABLE_DEBUG_INFO = NO;
				MTL_FAST_MATH = YES;
				SDKROOT = iphoneos;
				SWIFT_COMPILATION_MODE = wholemodule;
				SWIFT_OPTIMIZATION_LEVEL = "-O";
				VALIDATE_PRODUCT = YES;
			};
			name = Release;
		};
		38017B6727EF61BA00F5BC5A /* Debug */ = {
			isa = XCBuildConfiguration;
			buildSettings = {
				ASSETCATALOG_COMPILER_APPICON_NAME = AppIcon;
				ASSETCATALOG_COMPILER_GLOBAL_ACCENT_COLOR_NAME = AccentColor;
				CODE_SIGN_STYLE = Automatic;
				CURRENT_PROJECT_VERSION = 1;
				DEVELOPMENT_ASSET_PATHS = "\"frontend/Preview Content\"";
				DEVELOPMENT_TEAM = 94Z84H33F5;
				ENABLE_PREVIEWS = YES;
				GENERATE_INFOPLIST_FILE = YES;
				INFOPLIST_KEY_UIApplicationSceneManifest_Generation = YES;
				INFOPLIST_KEY_UIApplicationSupportsIndirectInputEvents = YES;
				INFOPLIST_KEY_UILaunchScreen_Generation = YES;
				INFOPLIST_KEY_UISupportedInterfaceOrientations_iPad = "UIInterfaceOrientationPortrait UIInterfaceOrientationPortraitUpsideDown UIInterfaceOrientationLandscapeLeft UIInterfaceOrientationLandscapeRight";
				INFOPLIST_KEY_UISupportedInterfaceOrientations_iPhone = "UIInterfaceOrientationPortrait UIInterfaceOrientationLandscapeLeft UIInterfaceOrientationLandscapeRight";
				LD_RUNPATH_SEARCH_PATHS = (
					"$(inherited)",
					"@executable_path/Frameworks",
				);
				MARKETING_VERSION = 1.0;
				PRODUCT_BUNDLE_IDENTIFIER = yeah.frontend;
				PRODUCT_NAME = "$(TARGET_NAME)";
				SWIFT_EMIT_LOC_STRINGS = YES;
				SWIFT_VERSION = 5.0;
				TARGETED_DEVICE_FAMILY = "1,2";
			};
			name = Debug;
		};
		38017B6827EF61BA00F5BC5A /* Release */ = {
			isa = XCBuildConfiguration;
			buildSettings = {
				ASSETCATALOG_COMPILER_APPICON_NAME = AppIcon;
				ASSETCATALOG_COMPILER_GLOBAL_ACCENT_COLOR_NAME = AccentColor;
				CODE_SIGN_STYLE = Automatic;
				CURRENT_PROJECT_VERSION = 1;
				DEVELOPMENT_ASSET_PATHS = "\"frontend/Preview Content\"";
				DEVELOPMENT_TEAM = 94Z84H33F5;
				ENABLE_PREVIEWS = YES;
				GENERATE_INFOPLIST_FILE = YES;
				INFOPLIST_KEY_UIApplicationSceneManifest_Generation = YES;
				INFOPLIST_KEY_UIApplicationSupportsIndirectInputEvents = YES;
				INFOPLIST_KEY_UILaunchScreen_Generation = YES;
				INFOPLIST_KEY_UISupportedInterfaceOrientations_iPad = "UIInterfaceOrientationPortrait UIInterfaceOrientationPortraitUpsideDown UIInterfaceOrientationLandscapeLeft UIInterfaceOrientationLandscapeRight";
				INFOPLIST_KEY_UISupportedInterfaceOrientations_iPhone = "UIInterfaceOrientationPortrait UIInterfaceOrientationLandscapeLeft UIInterfaceOrientationLandscapeRight";
				LD_RUNPATH_SEARCH_PATHS = (
					"$(inherited)",
					"@executable_path/Frameworks",
				);
				MARKETING_VERSION = 1.0;
				PRODUCT_BUNDLE_IDENTIFIER = yeah.frontend;
				PRODUCT_NAME = "$(TARGET_NAME)";
				SWIFT_EMIT_LOC_STRINGS = YES;
				SWIFT_VERSION = 5.0;
				TARGETED_DEVICE_FAMILY = "1,2";
			};
			name = Release;
		};
		38017B6A27EF61BA00F5BC5A /* Debug */ = {
			isa = XCBuildConfiguration;
			buildSettings = {
				ALWAYS_EMBED_SWIFT_STANDARD_LIBRARIES = YES;
				BUNDLE_LOADER = "$(TEST_HOST)";
				CODE_SIGN_STYLE = Automatic;
				CURRENT_PROJECT_VERSION = 1;
				GENERATE_INFOPLIST_FILE = YES;
				IPHONEOS_DEPLOYMENT_TARGET = 15.2;
				MARKETING_VERSION = 1.0;
				PRODUCT_BUNDLE_IDENTIFIER = yeah.frontendTests;
				PRODUCT_NAME = "$(TARGET_NAME)";
				SWIFT_EMIT_LOC_STRINGS = NO;
				SWIFT_VERSION = 5.0;
				TARGETED_DEVICE_FAMILY = "1,2";
				TEST_HOST = "$(BUILT_PRODUCTS_DIR)/frontend.app/frontend";
			};
			name = Debug;
		};
		38017B6B27EF61BA00F5BC5A /* Release */ = {
			isa = XCBuildConfiguration;
			buildSettings = {
				ALWAYS_EMBED_SWIFT_STANDARD_LIBRARIES = YES;
				BUNDLE_LOADER = "$(TEST_HOST)";
				CODE_SIGN_STYLE = Automatic;
				CURRENT_PROJECT_VERSION = 1;
				GENERATE_INFOPLIST_FILE = YES;
				IPHONEOS_DEPLOYMENT_TARGET = 15.2;
				MARKETING_VERSION = 1.0;
				PRODUCT_BUNDLE_IDENTIFIER = yeah.frontendTests;
				PRODUCT_NAME = "$(TARGET_NAME)";
				SWIFT_EMIT_LOC_STRINGS = NO;
				SWIFT_VERSION = 5.0;
				TARGETED_DEVICE_FAMILY = "1,2";
				TEST_HOST = "$(BUILT_PRODUCTS_DIR)/frontend.app/frontend";
			};
			name = Release;
		};
		38017B6D27EF61BA00F5BC5A /* Debug */ = {
			isa = XCBuildConfiguration;
			buildSettings = {
				ALWAYS_EMBED_SWIFT_STANDARD_LIBRARIES = YES;
				CODE_SIGN_STYLE = Automatic;
				CURRENT_PROJECT_VERSION = 1;
				GENERATE_INFOPLIST_FILE = YES;
				MARKETING_VERSION = 1.0;
				PRODUCT_BUNDLE_IDENTIFIER = yeah.frontendUITests;
				PRODUCT_NAME = "$(TARGET_NAME)";
				SWIFT_EMIT_LOC_STRINGS = NO;
				SWIFT_VERSION = 5.0;
				TARGETED_DEVICE_FAMILY = "1,2";
				TEST_TARGET_NAME = frontend;
			};
			name = Debug;
		};
		38017B6E27EF61BA00F5BC5A /* Release */ = {
			isa = XCBuildConfiguration;
			buildSettings = {
				ALWAYS_EMBED_SWIFT_STANDARD_LIBRARIES = YES;
				CODE_SIGN_STYLE = Automatic;
				CURRENT_PROJECT_VERSION = 1;
				GENERATE_INFOPLIST_FILE = YES;
				MARKETING_VERSION = 1.0;
				PRODUCT_BUNDLE_IDENTIFIER = yeah.frontendUITests;
				PRODUCT_NAME = "$(TARGET_NAME)";
				SWIFT_EMIT_LOC_STRINGS = NO;
				SWIFT_VERSION = 5.0;
				TARGETED_DEVICE_FAMILY = "1,2";
				TEST_TARGET_NAME = frontend;
			};
			name = Release;
		};
/* End XCBuildConfiguration section */

/* Begin XCConfigurationList section */
		38017B3D27EF61B800F5BC5A /* Build configuration list for PBXProject "frontend" */ = {
			isa = XCConfigurationList;
			buildConfigurations = (
				38017B6427EF61BA00F5BC5A /* Debug */,
				38017B6527EF61BA00F5BC5A /* Release */,
			);
			defaultConfigurationIsVisible = 0;
			defaultConfigurationName = Release;
		};
		38017B6627EF61BA00F5BC5A /* Build configuration list for PBXNativeTarget "frontend" */ = {
			isa = XCConfigurationList;
			buildConfigurations = (
				38017B6727EF61BA00F5BC5A /* Debug */,
				38017B6827EF61BA00F5BC5A /* Release */,
			);
			defaultConfigurationIsVisible = 0;
			defaultConfigurationName = Release;
		};
		38017B6927EF61BA00F5BC5A /* Build configuration list for PBXNativeTarget "frontendTests" */ = {
			isa = XCConfigurationList;
			buildConfigurations = (
				38017B6A27EF61BA00F5BC5A /* Debug */,
				38017B6B27EF61BA00F5BC5A /* Release */,
			);
			defaultConfigurationIsVisible = 0;
			defaultConfigurationName = Release;
		};
		38017B6C27EF61BA00F5BC5A /* Build configuration list for PBXNativeTarget "frontendUITests" */ = {
			isa = XCConfigurationList;
			buildConfigurations = (
				38017B6D27EF61BA00F5BC5A /* Debug */,
				38017B6E27EF61BA00F5BC5A /* Release */,
			);
			defaultConfigurationIsVisible = 0;
			defaultConfigurationName = Release;
		};
/* End XCConfigurationList section */
	};
	rootObject = 38017B3A27EF61B800F5BC5A /* Project object */;
}
